
Microsoft Visual Studio Solution File, Format Version 12.00
Project("{FAE04EC0-301F-11D3-BF4B-00C04F79EFBC}") = "Zefa.Domain", "Zefa.Domain\Zefa.Domain.csproj", "{24A6787F-6E18-4058-9D88-AF25C5F8870D}"
EndProject
Project("{FAE04EC0-301F-11D3-BF4B-00C04F79EFBC}") = "Zefa.Infrastrucutre", "Zefa.Infrastrucutre\Zefa.Infrastrucutre.csproj", "{9A914347-9E7C-4814-9425-4F7854C1B40C}"
EndProject
Global
	GlobalSection(SolutionConfigurationPlatforms) = preSolution
		Debug|Any CPU = Debug|Any CPU
		Release|Any CPU = Release|Any CPU
	EndGlobalSection
	GlobalSection(ProjectConfigurationPlatforms) = postSolution
		{24A6787F-6E18-4058-9D88-AF25C5F8870D}.Debug|Any CPU.ActiveCfg = Debug|Any CPU
		{24A6787F-6E18-4058-9D88-AF25C5F8870D}.Debug|Any CPU.Build.0 = Debug|Any CPU
		{24A6787F-6E18-4058-9D88-AF25C5F8870D}.Release|Any CPU.ActiveCfg = Release|Any CPU
		{24A6787F-6E18-4058-9D88-AF25C5F8870D}.Release|Any CPU.Build.0 = Release|Any CPU
		{9A914347-9E7C-4814-9425-4F7854C1B40C}.Debug|Any CPU.ActiveCfg = Debug|Any CPU
		{9A914347-9E7C-4814-9425-4F7854C1B40C}.Debug|Any CPU.Build.0 = Debug|Any CPU
		{9A914347-9E7C-4814-9425-4F7854C1B40C}.Release|Any CPU.ActiveCfg = Release|Any CPU
		{9A914347-9E7C-4814-9425-4F7854C1B40C}.Release|Any CPU.Build.0 = Release|Any CPU
	EndGlobalSection
EndGlobal
